hash: 9f4994cc04a9fcb1aa308fe54f20c11b156f6ca2316341e821e7ac1aea6df151
updated: 2019-03-03T23:17:06.269735+03:00
imports:
- name: cloud.google.com/go
  version: c9474f2f8deb81759839474b6bd1726bbfe1c1c4
  subpackages:
  - compute/metadata
- name: github.com/golang/protobuf
  version: b5d812f8a3706043e23a9cd5babf2e5423744d30
  subpackages:
  - proto
- name: golang.org/x/net
  version: 16b79f2e4e95ea23b2bf9903c9809ff7b013ce85
  subpackages:
  - context
  - context/ctxhttp
- name: golang.org/x/oauth2
  version: e64efc72b421e893cbf63f17ba2221e7d6d0b0f3
  subpackages:
  - google
  - internal
  - jws
  - jwt
- name: google.golang.org/api
  version: 3127cb28a723bbc4166c461077c944c405ac4bf8
  subpackages:
  - dialogflow/v2
  - gensupport
  - googleapi
  - googleapi/internal/uritemplates
- name: google.golang.org/appengine
  version: 54a98f90d1c46b7731eb8fb305d2a321c30ef610
  subpackages:
  - internal
  - internal/app_identity
  - internal/base
  - internal/datastore
  - internal/log
  - internal/modules
  - internal/remote_api
  - internal/urlfetch
  - urlfetch
- name: gopkg.in/urfave/cli.v1
  version: cfb38830724cc34fedffe9a2a29fb54fa9169cd1
testImports:
- name: github.com/alecthomas/template
  version: a0175ee3bccc567396460bf5acd36800cb10c49c
  subpackages:
  - parse
- name: github.com/alecthomas/units
  version: 2efee857e7cfd4f3d0138cc3cbb1b4966962b93a
- name: github.com/konsorten/go-windows-terminal-sequences
  version: f55edac94c9bbba5d6182a4be46d86a2c9b5b50e
- name: github.com/prometheus/common
  version: 7a3416fd1f41341905f138746c51a5092e7ddf7a
  subpackages:
  - log
- name: github.com/sirupsen/logrus
  version: e1e72e9de974bd926e5c56f83753fba2df402ce5
- name: golang.org/x/crypto
  version: 8dd112bcdc25174059e45e07517d9fc663123347
  subpackages:
  - ssh/terminal
- name: golang.org/x/sys
  version: c2f5717e611cf8e89a852a41081355194d80c943
  subpackages:
  - unix
  - windows
  - windows/registry
  - windows/svc/eventlog
- name: gopkg.in/alecthomas/kingpin.v2
  version: 947dcec5ba9c011838740e680966fd7087a71d0d
